
Microsoft Visual Studio Solution File, Format Version 12.00
# Visual Studio Version 16
VisualStudioVersion = 16.0.29609.76
MinimumVisualStudioVersion = 10.0.40219.1
Project("{FAE04EC0-301F-11D3-BF4B-00C04F79EFBC}") = "Spiel", "Spiel\Spiel.csproj", "{568E748D-B731-45A5-9E2A-DCAF4957B41E}"
EndProject
Global
	GlobalSection(SolutionConfigurationPlatforms) = preSolution
		Debug|Any CPU = Debug|Any CPU
		Release|Any CPU = Release|Any CPU
	EndGlobalSection
	GlobalSection(ProjectConfigurationPlatforms) = postSolution
		{568E748D-B731-45A5-9E2A-DCAF4957B41E}.Debug|Any CPU.ActiveCfg = Debug|Any CPU
		{568E748D-B731-45A5-9E2A-DCAF4957B41E}.Debug|Any CPU.Build.0 = Debug|Any CPU
		{568E748D-B731-45A5-9E2A-DCAF4957B41E}.Release|Any CPU.ActiveCfg = Release|Any CPU
		{568E748D-B731-45A5-9E2A-DCAF4957B41E}.Release|Any CPU.Build.0 = Release|Any CPU
	EndGlobalSection
	GlobalSection(SolutionProperties) = preSolution
		HideSolutionNode = FALSE
	EndGlobalSection
	GlobalSection(ExtensibilityGlobals) = postSolution
		SolutionGuid = {E590BA04-0DEB-4DDB-80E0-62B96AD058C3}
	EndGlobalSection
EndGlobal
